// !$*UTF8*$!
{
	archiveVersion = 1;
	classes = {
	};
	objectVersion = 50;
	objects = {

/* Begin PBXBuildFile section */
		19737A4D246CDE42006A32D6 /* AppDelegate.swift in Sources */ = {isa = PBXBuildFile; fileRef = 19737A4C246CDE42006A32D6 /* AppDelegate.swift */; };
		19737A4F246CDE43006A32D6 /* SceneDelegate.swift in Sources */ = {isa = PBXBuildFile; fileRef = 19737A4E246CDE43006A32D6 /* SceneDelegate.swift */; };
		19737A51246CDE43006A32D6 /* ContentView.swift in Sources */ = {isa = PBXBuildFile; fileRef = 19737A50246CDE43006A32D6 /* ContentView.swift */; };
		19737A53246CDE45006A32D6 /* Assets.xcassets in Resources */ = {isa = PBXBuildFile; fileRef = 19737A52246CDE45006A32D6 /* Assets.xcassets */; };
		19737A56246CDE45006A32D6 /* Preview Assets.xcassets in Resources */ = {isa = PBXBuildFile; fileRef = 19737A55246CDE45006A32D6 /* Preview Assets.xcassets */; };
		19737A59246CDE45006A32D6 /* LaunchScreen.storyboard in Resources */ = {isa = PBXBuildFile; fileRef = 19737A57246CDE45006A32D6 /* LaunchScreen.storyboard */; };
		19737A64246CDE45006A32D6 /* MirnovaTests.swift in Sources */ = {isa = PBXBuildFile; fileRef = 19737A63246CDE45006A32D6 /* MirnovaTests.swift */; };
		19737A6F246CE415006A32D6 /* CourseView.swift in Sources */ = {isa = PBXBuildFile; fileRef = 19737A6E246CE415006A32D6 /* CourseView.swift */; };
		19737A72246DB6F7006A32D6 /* CourseData.swift in Sources */ = {isa = PBXBuildFile; fileRef = 19737A71246DB6F7006A32D6 /* CourseData.swift */; };
/* End PBXBuildFile section */

/* Begin PBXContainerItemProxy section */
		19737A60246CDE45006A32D6 /* PBXContainerItemProxy */ = {
			isa = PBXContainerItemProxy;
			containerPortal = 19737A41246CDE42006A32D6 /* Project object */;
			proxyType = 1;
			remoteGlobalIDString = 19737A48246CDE42006A32D6;
			remoteInfo = Mirnova;
		};
/* End PBXContainerItemProxy section */

/* Begin PBXFileReference section */
		19737A49246CDE42006A32D6 /* Mirnova.app */ = {isa = PBXFileReference; explicitFileType = wrapper.application; includeInIndex = 0; path = Mirnova.app; sourceTree = BUILT_PRODUCTS_DIR; };
		19737A4C246CDE42006A32D6 /* AppDelegate.swift */ = {isa = PBXFileReference; lastKnownFileType = sourcecode.swift; path = AppDelegate.swift; sourceTree = "<group>"; };
		19737A4E246CDE43006A32D6 /* SceneDelegate.swift */ = {isa = PBXFileReference; lastKnownFileType = sourcecode.swift; path = SceneDelegate.swift; sourceTree = "<group>"; };
		19737A50246CDE43006A32D6 /* ContentView.swift */ = {isa = PBXFileReference; lastKnownFileType = sourcecode.swift; path = ContentView.swift; sourceTree = "<group>"; };
		19737A52246CDE45006A32D6 /* Assets.xcassets */ = {isa = PBXFileReference; lastKnownFileType = folder.assetcatalog; path = Assets.xcassets; sourceTree = "<group>"; };
		19737A55246CDE45006A32D6 /* Preview Assets.xcassets */ = {isa = PBXFileReference; lastKnownFileType = folder.assetcatalog; path = "Preview Assets.xcassets"; sourceTree = "<group>"; };
		19737A58246CDE45006A32D6 /* Base */ = {isa = PBXFileReference; lastKnownFileType = file.storyboard; name = Base; path = Base.lproj/LaunchScreen.storyboard; sourceTree = "<group>"; };
		19737A5A246CDE45006A32D6 /* Info.plist */ = {isa = PBXFileReference; lastKnownFileType = text.plist.xml; path = Info.plist; sourceTree = "<group>"; };
		19737A5F246CDE45006A32D6 /* MirnovaTests.xctest */ = {isa = PBXFileReference; explicitFileType = wrapper.cfbundle; includeInIndex = 0; path = MirnovaTests.xctest; sourceTree = BUILT_PRODUCTS_DIR; };
		19737A63246CDE45006A32D6 /* MirnovaTests.swift */ = {isa = PBXFileReference; lastKnownFileType = sourcecode.swift; path = MirnovaTests.swift; sourceTree = "<group>"; };
		19737A65246CDE45006A32D6 /* Info.plist */ = {isa = PBXFileReference; lastKnownFileType = text.plist.xml; path = Info.plist; sourceTree = "<group>"; };
		19737A6E246CE415006A32D6 /* CourseView.swift */ = {isa = PBXFileReference; lastKnownFileType = sourcecode.swift; path = CourseView.swift; sourceTree = "<group>"; };
		19737A71246DB6F7006A32D6 /* CourseData.swift */ = {isa = PBXFileReference; lastKnownFileType = sourcecode.swift; path = CourseData.swift; sourceTree = "<group>"; };
/* End PBXFileReference section */

/* Begin PBXFrameworksBuildPhase section */
		19737A46246CDE42006A32D6 /* Frameworks */ = {
			isa = PBXFrameworksBuildPhase;
			buildActionMask = 2147483647;
			files = (
			);
			runOnlyForDeploymentPostprocessing = 0;
		};
		19737A5C246CDE45006A32D6 /* Frameworks */ = {
			isa = PBXFrameworksBuildPhase;
			buildActionMask = 2147483647;
			files = (
			);
			runOnlyForDeploymentPostprocessing = 0;
		};
/* End PBXFrameworksBuildPhase section */

/* Begin PBXGroup section */
		19737A40246CDE42006A32D6 = {
			isa = PBXGroup;
			children = (
				19737A4B246CDE42006A32D6 /* Mirnova */,
				19737A62246CDE45006A32D6 /* MirnovaTests */,
				19737A4A246CDE42006A32D6 /* Products */,
			);
			sourceTree = "<group>";
		};
		19737A4A246CDE42006A32D6 /* Products */ = {
			isa = PBXGroup;
			children = (
				19737A49246CDE42006A32D6 /* Mirnova.app */,
				19737A5F246CDE45006A32D6 /* MirnovaTests.xctest */,
			);
			name = Products;
			sourceTree = "<group>";
		};
		19737A4B246CDE42006A32D6 /* Mirnova */ = {
			isa = PBXGroup;
			children = (
				19737A70246DB6D4006A32D6 /* Models */,
				19737A4C246CDE42006A32D6 /* AppDelegate.swift */,
				19737A4E246CDE43006A32D6 /* SceneDelegate.swift */,
				19737A50246CDE43006A32D6 /* ContentView.swift */,
				19737A52246CDE45006A32D6 /* Assets.xcassets */,
				19737A57246CDE45006A32D6 /* LaunchScreen.storyboard */,
				19737A5A246CDE45006A32D6 /* Info.plist */,
				19737A54246CDE45006A32D6 /* Preview Content */,
				19737A6E246CE415006A32D6 /* CourseView.swift */,
			);
			path = Mirnova;
			sourceTree = "<group>";
		};
		19737A54246CDE45006A32D6 /* Preview Content */ = {
			isa = PBXGroup;
			children = (
				19737A55246CDE45006A32D6 /* Preview Assets.xcassets */,
			);
			path = "Preview Content";
			sourceTree = "<group>";
		};
		19737A62246CDE45006A32D6 /* MirnovaTests */ = {
			isa = PBXGroup;
			children = (
				19737A63246CDE45006A32D6 /* MirnovaTests.swift */,
				19737A65246CDE45006A32D6 /* Info.plist */,
			);
			path = MirnovaTests;
			sourceTree = "<group>";
		};
		19737A70246DB6D4006A32D6 /* Models */ = {
			isa = PBXGroup;
			children = (
				19737A71246DB6F7006A32D6 /* CourseData.swift */,
			);
			path = Models;
			sourceTree = "<group>";
		};
/* End PBXGroup section */

/* Begin PBXNativeTarget section */
		19737A48246CDE42006A32D6 /* Mirnova */ = {
			isa = PBXNativeTarget;
			buildConfigurationList = 19737A68246CDE45006A32D6 /* Build configuration list for PBXNativeTarget "Mirnova" */;
			buildPhases = (
				19737A45246CDE42006A32D6 /* Sources */,
				19737A46246CDE42006A32D6 /* Frameworks */,
				19737A47246CDE42006A32D6 /* Resources */,
			);
			buildRules = (
			);
			dependencies = (
			);
			name = Mirnova;
			productName = Mirnova;
			productReference = 19737A49246CDE42006A32D6 /* Mirnova.app */;
			productType = "com.apple.product-type.application";
		};
		19737A5E246CDE45006A32D6 /* MirnovaTests */ = {
			isa = PBXNativeTarget;
			buildConfigurationList = 19737A6B246CDE45006A32D6 /* Build configuration list for PBXNativeTarget "MirnovaTests" */;
			buildPhases = (
				19737A5B246CDE45006A32D6 /* Sources */,
				19737A5C246CDE45006A32D6 /* Frameworks */,
				19737A5D246CDE45006A32D6 /* Resources */,
			);
			buildRules = (
			);
			dependencies = (
				19737A61246CDE45006A32D6 /* PBXTargetDependency */,
			);
			name = MirnovaTests;
			productName = MirnovaTests;
			productReference = 19737A5F246CDE45006A32D6 /* MirnovaTests.xctest */;
			productType = "com.apple.product-type.bundle.unit-test";
		};
/* End PBXNativeTarget section */

/* Begin PBXProject section */
		19737A41246CDE42006A32D6 /* Project object */ = {
			isa = PBXProject;
			attributes = {
				LastSwiftUpdateCheck = 1140;
				LastUpgradeCheck = 1140;
				ORGANIZATIONNAME = "Josh Sauder";
				TargetAttributes = {
					19737A48246CDE42006A32D6 = {
						CreatedOnToolsVersion = 11.4.1;
					};
					19737A5E246CDE45006A32D6 = {
						CreatedOnToolsVersion = 11.4.1;
						TestTargetID = 19737A48246CDE42006A32D6;
					};
				};
			};
			buildConfigurationList = 19737A44246CDE42006A32D6 /* Build configuration list for PBXProject "Mirnova" */;
			compatibilityVersion = "Xcode 9.3";
			developmentRegion = en;
			hasScannedForEncodings = 0;
			knownRegions = (
				en,
				Base,
			);
			mainGroup = 19737A40246CDE42006A32D6;
			productRefGroup = 19737A4A246CDE42006A32D6 /* Products */;
			projectDirPath = "";
			projectRoot = "";
			targets = (
				19737A48246CDE42006A32D6 /* Mirnova */,
				19737A5E246CDE45006A32D6 /* MirnovaTests */,
			);
		};
/* End PBXProject section */

/* Begin PBXResourcesBuildPhase section */
		19737A47246CDE42006A32D6 /* Resources */ = {
			isa = PBXResourcesBuildPhase;
			buildActionMask = 2147483647;
			files = (
				19737A59246CDE45006A32D6 /* LaunchScreen.storyboard in Resources */,
				19737A56246CDE45006A32D6 /* Preview Assets.xcassets in Resources */,
				19737A53246CDE45006A32D6 /* Assets.xcassets in Resources */,
			);
			runOnlyForDeploymentPostprocessing = 0;
		};
		19737A5D246CDE45006A32D6 /* Resources */ = {
			isa = PBXResourcesBuildPhase;
			buildActionMask = 2147483647;
			files = (
			);
			runOnlyForDeploymentPostprocessing = 0;
		};
/* End PBXResourcesBuildPhase section */

/* Begin PBXSourcesBuildPhase section */
		19737A45246CDE42006A32D6 /* Sources */ = {
			isa = PBXSourcesBuildPhase;
			buildActionMask = 2147483647;
			files = (
				19737A72246DB6F7006A32D6 /* CourseData.swift in Sources */,
				19737A4D246CDE42006A32D6 /* AppDelegate.swift in Sources */,
				19737A4F246CDE43006A32D6 /* SceneDelegate.swift in Sources */,
				19737A51246CDE43006A32D6 /* ContentView.swift in Sources */,
				19737A6F246CE415006A32D6 /* CourseView.swift in Sources */,
			);
			runOnlyForDeploymentPostprocessing = 0;
		};
		19737A5B246CDE45006A32D6 /* Sources */ = {
			isa = PBXSourcesBuildPhase;
			buildActionMask = 2147483647;
			files = (
				19737A64246CDE45006A32D6 /* MirnovaTests.swift in Sources */,
			);
			runOnlyForDeploymentPostprocessing = 0;
		};
/* End PBXSourcesBuildPhase section */

/* Begin PBXTargetDependency section */
		19737A61246CDE45006A32D6 /* PBXTargetDependency */ = {
			isa = PBXTargetDependency;
			target = 19737A48246CDE42006A32D6 /* Mirnova */;
			targetProxy = 19737A60246CDE45006A32D6 /* PBXContainerItemProxy */;
		};
/* End PBXTargetDependency section */

/* Begin PBXVariantGroup section */
		19737A57246CDE45006A32D6 /* LaunchScreen.storyboard */ = {
			isa = PBXVariantGroup;
			children = (
				19737A58246CDE45006A32D6 /* Base */,
			);
			name = LaunchScreen.storyboard;
			sourceTree = "<group>";
		};
/* End PBXVariantGroup section */

/* Begin XCBuildConfiguration section */
		19737A66246CDE45006A32D6 /* Debug */ = {
			isa = XCBuildConfiguration;
			buildSettings = {
				ALWAYS_SEARCH_USER_PATHS = NO;
				CLANG_ANALYZER_NONNULL = YES;
				CLANG_ANALYZER_NUMBER_OBJECT_CONVERSION = YES_AGGRESSIVE;
				CLANG_CXX_LANGUAGE_STANDARD = "gnu++14";
				CLANG_CXX_LIBRARY = "libc++";
				CLANG_ENABLE_MODULES = YES;
				CLANG_ENABLE_OBJC_ARC = YES;
				CLANG_ENABLE_OBJC_WEAK = YES;
				CLANG_WARN_BLOCK_CAPTURE_AUTORELEASING = YES;
				CLANG_WARN_BOOL_CONVERSION = YES;
				CLANG_WARN_COMMA = YES;
				CLANG_WARN_CONSTANT_CONVERSION = YES;
				CLANG_WARN_DEPRECATED_OBJC_IMPLEMENTATIONS = YES;
				CLANG_WARN_DIRECT_OBJC_ISA_USAGE = YES_ERROR;
				CLANG_WARN_DOCUMENTATION_COMMENTS = YES;
				CLANG_WARN_EMPTY_BODY = YES;
				CLANG_WARN_ENUM_CONVERSION = YES;
				CLANG_WARN_INFINITE_RECURSION = YES;
				CLANG_WARN_INT_CONVERSION = YES;
				CLANG_WARN_NON_LITERAL_NULL_CONVERSION = YES;
				CLANG_WARN_OBJC_IMPLICIT_RETAIN_SELF = YES;
				CLANG_WARN_OBJC_LITERAL_CONVERSION = YES;
				CLANG_WARN_OBJC_ROOT_CLASS = YES_ERROR;
				CLANG_WARN_RANGE_LOOP_ANALYSIS = YES;
				CLANG_WARN_STRICT_PROTOTYPES = YES;
				CLANG_WARN_SUSPICIOUS_MOVE = YES;
				CLANG_WARN_UNGUARDED_AVAILABILITY = YES_AGGRESSIVE;
				CLANG_WARN_UNREACHABLE_CODE = YES;
				CLANG_WARN__DUPLICATE_METHOD_MATCH = YES;
				COPY_PHASE_STRIP = NO;
				DEBUG_INFORMATION_FORMAT = dwarf;
				ENABLE_STRICT_OBJC_MSGSEND = YES;
				ENABLE_TESTABILITY = YES;
				GCC_C_LANGUAGE_STANDARD = gnu11;
				GCC_DYNAMIC_NO_PIC = NO;
				GCC_NO_COMMON_BLOCKS = YES;
				GCC_OPTIMIZATION_LEVEL = 0;
				GCC_PREPROCESSOR_DEFINITIONS = (
					"DEBUG=1",
					"$(inherited)",
				);
				GCC_WARN_64_TO_32_BIT_CONVERSION = YES;
				GCC_WARN_ABOUT_RETURN_TYPE = YES_ERROR;
				GCC_WARN_UNDECLARED_SELECTOR = YES;
				GCC_WARN_UNINITIALIZED_AUTOS = YES_AGGRESSIVE;
				GCC_WARN_UNUSED_FUNCTION = YES;
				GCC_WARN_UNUSED_VARIABLE = YES;
				IPHONEOS_DEPLOYMENT_TARGET = 13.4;
				MTL_ENABLE_DEBUG_INFO = INCLUDE_SOURCE;
				MTL_FAST_MATH = YES;
				ONLY_ACTIVE_ARCH = YES;
				SDKROOT = iphoneos;
				SWIFT_ACTIVE_COMPILATION_CONDITIONS = DEBUG;
				SWIFT_OPTIMIZATION_LEVEL = "-Onone";
			};
			name = Debug;
		};
		19737A67246CDE45006A32D6 /* Release */ = {
			isa = XCBuildConfiguration;
			buildSettings = {
				ALWAYS_SEARCH_USER_PATHS = NO;
				CLANG_ANALYZER_NONNULL = YES;
				CLANG_ANALYZER_NUMBER_OBJECT_CONVERSION = YES_AGGRESSIVE;
				CLANG_CXX_LANGUAGE_STANDARD = "gnu++14";
				CLANG_CXX_LIBRARY = "libc++";
				CLANG_ENABLE_MODULES = YES;
				CLANG_ENABLE_OBJC_ARC = YES;
				CLANG_ENABLE_OBJC_WEAK = YES;
				CLANG_WARN_BLOCK_CAPTURE_AUTORELEASING = YES;
				CLANG_WARN_BOOL_CONVERSION = YES;
				CLANG_WARN_COMMA = YES;
				CLANG_WARN_CONSTANT_CONVERSION = YES;
				CLANG_WARN_DEPRECATED_OBJC_IMPLEMENTATIONS = YES;
				CLANG_WARN_DIRECT_OBJC_ISA_USAGE = YES_ERROR;
				CLANG_WARN_DOCUMENTATION_COMMENTS = YES;
				CLANG_WARN_EMPTY_BODY = YES;
				CLANG_WARN_ENUM_CONVERSION = YES;
				CLANG_WARN_INFINITE_RECURSION = YES;
				CLANG_WARN_INT_CONVERSION = YES;
				CLANG_WARN_NON_LITERAL_NULL_CONVERSION = YES;
				CLANG_WARN_OBJC_IMPLICIT_RETAIN_SELF = YES;
				CLANG_WARN_OBJC_LITERAL_CONVERSION = YES;
				CLANG_WARN_OBJC_ROOT_CLASS = YES_ERROR;
				CLANG_WARN_RANGE_LOOP_ANALYSIS = YES;
				CLANG_WARN_STRICT_PROTOTYPES = YES;
				CLANG_WARN_SUSPICIOUS_MOVE = YES;
				CLANG_WARN_UNGUARDED_AVAILABILITY = YES_AGGRESSIVE;
				CLANG_WARN_UNREACHABLE_CODE = YES;
				CLANG_WARN__DUPLICATE_METHOD_MATCH = YES;
				COPY_PHASE_STRIP = NO;
				DEBUG_INFORMATION_FORMAT = "dwarf-with-dsym";
				ENABLE_NS_ASSERTIONS = NO;
				ENABLE_STRICT_OBJC_MSGSEND = YES;
				GCC_C_LANGUAGE_STANDARD = gnu11;
				GCC_NO_COMMON_BLOCKS = YES;
				GCC_WARN_64_TO_32_BIT_CONVERSION = YES;
				GCC_WARN_ABOUT_RETURN_TYPE = YES_ERROR;
				GCC_WARN_UNDECLARED_SELECTOR = YES;
				GCC_WARN_UNINITIALIZED_AUTOS = YES_AGGRESSIVE;
				GCC_WARN_UNUSED_FUNCTION = YES;
				GCC_WARN_UNUSED_VARIABLE = YES;
				IPHONEOS_DEPLOYMENT_TARGET = 13.4;
				MTL_ENABLE_DEBUG_INFO = NO;
				MTL_FAST_MATH = YES;
				SDKROOT = iphoneos;
				SWIFT_COMPILATION_MODE = wholemodule;
				SWIFT_OPTIMIZATION_LEVEL = "-O";
				VALIDATE_PRODUCT = YES;
			};
			name = Release;
		};
		19737A69246CDE45006A32D6 /* Debug */ = {
			isa = XCBuildConfiguration;
			buildSettings = {
				ASSETCATALOG_COMPILER_APPICON_NAME = AppIcon;
				CODE_SIGN_STYLE = Automatic;
				DEVELOPMENT_ASSET_PATHS = "\"Mirnova/Preview Content\"";
				DEVELOPMENT_TEAM = 5SDXLU4YE3;
				ENABLE_PREVIEWS = YES;
				INFOPLIST_FILE = Mirnova/Info.plist;
				LD_RUNPATH_SEARCH_PATHS = (
					"$(inherited)",
					"@executable_path/Frameworks",
				);
				PRODUCT_BUNDLE_IDENTIFIER = SauderTech.Mirnova;
				PRODUCT_NAME = "$(TARGET_NAME)";
				SWIFT_VERSION = 5.0;
				TARGETED_DEVICE_FAMILY = "1,2";
			};
			name = Debug;
		};
		19737A6A246CDE45006A32D6 /* Release */ = {
			isa = XCBuildConfiguration;
			buildSettings = {
				ASSETCATALOG_COMPILER_APPICON_NAME = AppIcon;
				CODE_SIGN_STYLE = Automatic;
				DEVELOPMENT_ASSET_PATHS = "\"Mirnova/Preview Content\"";
				DEVELOPMENT_TEAM = 5SDXLU4YE3;
				ENABLE_PREVIEWS = YES;
				INFOPLIST_FILE = Mirnova/Info.plist;
				LD_RUNPATH_SEARCH_PATHS = (
					"$(inherited)",
					"@executable_path/Frameworks",
				);
				PRODUCT_BUNDLE_IDENTIFIER = SauderTech.Mirnova;
				PRODUCT_NAME = "$(TARGET_NAME)";
				SWIFT_VERSION = 5.0;
				TARGETED_DEVICE_FAMILY = "1,2";
			};
			name = Release;
		};
		19737A6C246CDE45006A32D6 /* Debug */ = {
			isa = XCBuildConfiguration;
			buildSettings = {
				ALWAYS_EMBED_SWIFT_STANDARD_LIBRARIES = YES;
				BUNDLE_LOADER = "$(TEST_HOST)";
				CODE_SIGN_STYLE = Automatic;
				DEVELOPMENT_TEAM = 5SDXLU4YE3;
				INFOPLIST_FILE = MirnovaTests/Info.plist;
				IPHONEOS_DEPLOYMENT_TARGET = 13.4;
				LD_RUNPATH_SEARCH_PATHS = (
					"$(inherited)",
					"@executable_path/Frameworks",
					"@loader_path/Frameworks",
				);
				PRODUCT_BUNDLE_IDENTIFIER = SauderTech.MirnovaTests;
				PRODUCT_NAME = "$(TARGET_NAME)";
				SWIFT_VERSION = 5.0;
				TARGETED_DEVICE_FAMILY = "1,2";
				TEST_HOST = "$(BUILT_PRODUCTS_DIR)/Mirnova.app/Mirnova";
			};
			name = Debug;
		};
		19737A6D246CDE45006A32D6 /* Release */ = {
			isa = XCBuildConfiguration;
			buildSettings = {
				ALWAYS_EMBED_SWIFT_STANDARD_LIBRARIES = YES;
				BUNDLE_LOADER = "$(TEST_HOST)";
				CODE_SIGN_STYLE = Automatic;
				DEVELOPMENT_TEAM = 5SDXLU4YE3;
				INFOPLIST_FILE = MirnovaTests/Info.plist;
				IPHONEOS_DEPLOYMENT_TARGET = 13.4;
				LD_RUNPATH_SEARCH_PATHS = (
					"$(inherited)",
					"@executable_path/Frameworks",
					"@loader_path/Frameworks",
				);
				PRODUCT_BUNDLE_IDENTIFIER = SauderTech.MirnovaTests;
				PRODUCT_NAME = "$(TARGET_NAME)";
				SWIFT_VERSION = 5.0;
				TARGETED_DEVICE_FAMILY = "1,2";
				TEST_HOST = "$(BUILT_PRODUCTS_DIR)/Mirnova.app/Mirnova";
			};
			name = Release;
		};
/* End XCBuildConfiguration section */

/* Begin XCConfigurationList section */
		19737A44246CDE42006A32D6 /* Build configuration list for PBXProject "Mirnova" */ = {
			isa = XCConfigurationList;
			buildConfigurations = (
				19737A66246CDE45006A32D6 /* Debug */,
				19737A67246CDE45006A32D6 /* Release */,
			);
			defaultConfigurationIsVisible = 0;
			defaultConfigurationName = Release;
		};
		19737A68246CDE45006A32D6 /* Build configuration list for PBXNativeTarget "Mirnova" */ = {
			isa = XCConfigurationList;
			buildConfigurations = (
				19737A69246CDE45006A32D6 /* Debug */,
				19737A6A246CDE45006A32D6 /* Release */,
			);
			defaultConfigurationIsVisible = 0;
			defaultConfigurationName = Release;
		};
		19737A6B246CDE45006A32D6 /* Build configuration list for PBXNativeTarget "MirnovaTests" */ = {
			isa = XCConfigurationList;
			buildConfigurations = (
				19737A6C246CDE45006A32D6 /* Debug */,
				19737A6D246CDE45006A32D6 /* Release */,
			);
			defaultConfigurationIsVisible = 0;
			defaultConfigurationName = Release;
		};
/* End XCConfigurationList section */
	};
	rootObject = 19737A41246CDE42006A32D6 /* Project object */;
}
